{
  "_placeholder": "THIS IS A FAKE, MINIMAL PLACEHOLDER LOCKFILE -- it does NOT actually resolve pi-web-access or anything else in package.json's dependencies. It exists only so this directory has npm's expected file shape checked in. Before building extra-extensions.nix (or running its update path) for real, run `nix run .#update-pi-extensions` once to regenerate this file for real via `npm install --package-lock-only` (requires npm + network). See ./README.md.",
  "name": "pi-extra-extensions",
  "version": "0.0.0",
  "lockfileVersion": 3,
  "requires": true,
  "packages": {}
}
