dependencies:
- name: common
  repository: https://bjw-s-labs.github.io/helm-charts/
  version: 1.5.1
- name: postgres
  repository: oci://registry-1.docker.io/cloudpirates
  version: 0.11.5
- name: mariadb
  repository: oci://registry-1.docker.io/cloudpirates
  version: 0.6.0
- name: redis
  repository: oci://registry-1.docker.io/cloudpirates
  version: 0.14.0
digest: sha256:7b5dee14e35cf8be8ee5a397ef31164cae5b40f15cf7dc344ed595b0f8f7c40e
generated: "2025-11-09T12:49:51.094478-05:00"
