{
  "nodes": {
    "flake-parts": {
      "inputs": {
        "nixpkgs-lib": [
          "terranix",
          "nixpkgs"
        ]
      },
      "locked": {
        "lastModified": 1778716662,
        "narHash": "sha256-m1Yf0wZ8j1OHjTc2UwHwyQRSnNeSgLJOd7q5Y45hzi4=",
        "owner": "hercules-ci",
        "repo": "flake-parts",
        "rev": "f7c1a2d347e4c52d5fb8d10cb4d94b5884e546fb",
        "type": "github"
      },
      "original": {
        "owner": "hercules-ci",
        "repo": "flake-parts",
        "type": "github"
      }
    },
    "nixpkgs": {
      "locked": {
        "lastModified": 1783224372,
        "narHash": "sha256-8i/87eeoqiGE4yOTjwSA3Eh/ziJRQEmd/unYU+K27sk=",
        "owner": "NixOS",
        "repo": "nixpkgs",
        "rev": "d407951447dcd00442e97087bf374aad70c04cea",
        "type": "github"
      },
      "original": {
        "owner": "NixOS",
        "ref": "nixos-unstable",
        "repo": "nixpkgs",
        "type": "github"
      }
    },
    "personalMonorepo": {
      "flake": false,
      "locked": {
        "lastModified": 1783277944,
        "narHash": "sha256-TEJn3uotyD39xP7bDvpeJ4lRuH0byN/hb4XXVLwi3/o=",
        "owner": "aidanhilt",
        "repo": "PersonalMonorepo",
        "rev": "5c1be15a5cd8902c975252e9920f16b5cc50b261",
        "type": "github"
      },
      "original": {
        "owner": "aidanhilt",
        "ref": "project-rockhard/user-mgmt",
        "repo": "PersonalMonorepo",
        "type": "github"
      }
    },
    "root": {
      "inputs": {
        "nixpkgs": "nixpkgs",
        "personalMonorepo": "personalMonorepo",
        "terranix": "terranix"
      }
    },
    "systems": {
      "locked": {
        "lastModified": 1681028828,
        "narHash": "sha256-Vy1rq5AaRuLzOxct8nz4T6wlgyUR7zLU309k9mBC768=",
        "owner": "nix-systems",
        "repo": "default",
        "rev": "da67096a3b9bf56a91d16901293e51ba5b49a27e",
        "type": "github"
      },
      "original": {
        "owner": "nix-systems",
        "repo": "default",
        "type": "github"
      }
    },
    "terranix": {
      "inputs": {
        "flake-parts": "flake-parts",
        "nixpkgs": [
          "nixpkgs"
        ],
        "systems": "systems"
      },
      "locked": {
        "lastModified": 1779965098,
        "narHash": "sha256-Jh0Zk+g0pEbNopADEtqvrnhrl83rlNFHpn3Zhz4s+VM=",
        "owner": "terranix",
        "repo": "terranix",
        "rev": "36ed5bdee452978d0e9c4450de872483ab541006",
        "type": "github"
      },
      "original": {
        "owner": "terranix",
        "repo": "terranix",
        "type": "github"
      }
    }
  },
  "root": "root",
  "version": 7
}
