{
  "nodes": {
    "agenix": {
      "inputs": {
        "darwin": "darwin",
        "home-manager": "home-manager",
        "nixpkgs": [
          "nixpkgs"
        ],
        "systems": "systems"
      },
      "locked": {
        "lastModified": 1762618334,
        "narHash": "sha256-wyT7Pl6tMFbFrs8Lk/TlEs81N6L+VSybPfiIgzU8lbQ=",
        "owner": "ryantm",
        "repo": "agenix",
        "rev": "fcdea223397448d35d9b31f798479227e80183f6",
        "type": "github"
      },
      "original": {
        "owner": "ryantm",
        "repo": "agenix",
        "type": "github"
      }
    },
    "comin": {
      "inputs": {
        "flake-compat": "flake-compat",
        "nixpkgs": [
          "nixpkgs"
        ]
      },
      "locked": {
        "lastModified": 1768720177,
        "narHash": "sha256-bNbb+Xkf4tJbECeDpxxwjCYeIlG2PJu60pb1SDRzRMk=",
        "owner": "nlewo",
        "repo": "comin",
        "rev": "1cd5849ea17e8d2c61dc9e11a05141f2346d52db",
        "type": "github"
      },
      "original": {
        "owner": "nlewo",
        "repo": "comin",
        "type": "github"
      }
    },
    "darwin": {
      "inputs": {
        "nixpkgs": [
          "agenix",
          "nixpkgs"
        ]
      },
      "locked": {
        "lastModified": 1744478979,
        "narHash": "sha256-dyN+teG9G82G+m+PX/aSAagkC+vUv0SgUw3XkPhQodQ=",
        "owner": "lnl7",
        "repo": "nix-darwin",
        "rev": "43975d782b418ebf4969e9ccba82466728c2851b",
        "type": "github"
      },
      "original": {
        "owner": "lnl7",
        "ref": "master",
        "repo": "nix-darwin",
        "type": "github"
      }
    },
    "darwin_2": {
      "inputs": {
        "nixpkgs": [
          "nixpkgs-darwin"
        ]
      },
      "locked": {
        "lastModified": 1767634391,
        "narHash": "sha256-owcSz2ICqTSvhBbhPP+1eWzi88e54rRZtfCNE5E/wwg=",
        "owner": "lnl7",
        "repo": "nix-darwin",
        "rev": "08585aacc3d6d6c280a02da195fdbd4b9cf083c2",
        "type": "github"
      },
      "original": {
        "owner": "lnl7",
        "ref": "nix-darwin-25.11",
        "repo": "nix-darwin",
        "type": "github"
      }
    },
    "disko": {
      "inputs": {
        "nixpkgs": [
          "nixpkgs"
        ]
      },
      "locked": {
        "lastModified": 1746728054,
        "narHash": "sha256-eDoSOhxGEm2PykZFa/x9QG5eTH0MJdiJ9aR00VAofXE=",
        "owner": "nix-community",
        "repo": "disko",
        "rev": "ff442f5d1425feb86344c028298548024f21256d",
        "type": "github"
      },
      "original": {
        "owner": "nix-community",
        "ref": "latest",
        "repo": "disko",
        "type": "github"
      }
    },
    "flake-compat": {
      "flake": false,
      "locked": {
        "lastModified": 1765121682,
        "narHash": "sha256-4VBOP18BFeiPkyhy9o4ssBNQEvfvv1kXkasAYd0+rrA=",
        "owner": "NixOS",
        "repo": "flake-compat",
        "rev": "65f23138d8d09a92e30f1e5c87611b23ef451bf3",
        "type": "github"
      },
      "original": {
        "owner": "NixOS",
        "repo": "flake-compat",
        "type": "github"
      }
    },
    "flake-compat_2": {
      "flake": false,
      "locked": {
        "lastModified": 1765121682,
        "narHash": "sha256-4VBOP18BFeiPkyhy9o4ssBNQEvfvv1kXkasAYd0+rrA=",
        "owner": "edolstra",
        "repo": "flake-compat",
        "rev": "65f23138d8d09a92e30f1e5c87611b23ef451bf3",
        "type": "github"
      },
      "original": {
        "owner": "edolstra",
        "repo": "flake-compat",
        "type": "github"
      }
    },
    "flake-parts": {
      "inputs": {
        "nixpkgs-lib": [
          "nur",
          "nixpkgs"
        ]
      },
      "locked": {
        "lastModified": 1733312601,
        "narHash": "sha256-4pDvzqnegAfRkPwO3wmwBhVi/Sye1mzps0zHWYnP88c=",
        "owner": "hercules-ci",
        "repo": "flake-parts",
        "rev": "205b12d8b7cd4802fbcb8e8ef6a0f1408781a4f9",
        "type": "github"
      },
      "original": {
        "owner": "hercules-ci",
        "repo": "flake-parts",
        "type": "github"
      }
    },
    "home-manager": {
      "inputs": {
        "nixpkgs": [
          "agenix",
          "nixpkgs"
        ]
      },
      "locked": {
        "lastModified": 1745494811,
        "narHash": "sha256-YZCh2o9Ua1n9uCvrvi5pRxtuVNml8X2a03qIFfRKpFs=",
        "owner": "nix-community",
        "repo": "home-manager",
        "rev": "abfad3d2958c9e6300a883bd443512c55dfeb1be",
        "type": "github"
      },
      "original": {
        "owner": "nix-community",
        "repo": "home-manager",
        "type": "github"
      }
    },
    "home-manager_2": {
      "inputs": {
        "nixpkgs": [
          "nixpkgs"
        ]
      },
      "locked": {
        "lastModified": 1768603898,
        "narHash": "sha256-vRV1dWJOCpCal3PRr86wE2WTOMfAhTu6G7bSvOsryUo=",
        "owner": "nix-community",
        "repo": "home-manager",
        "rev": "2a63d0e9d2c72ac4d4150ebb242cf8d86f488c8c",
        "type": "github"
      },
      "original": {
        "owner": "nix-community",
        "ref": "release-25.11",
        "repo": "home-manager",
        "type": "github"
      }
    },
    "nix-vscode-extensions": {
      "inputs": {
        "nixpkgs": [
          "nixpkgs"
        ]
      },
      "locked": {
        "lastModified": 1768789193,
        "narHash": "sha256-EWIj+tZSvbi3e43tBwc6xvNwEWEVwPQkuGim2tvxP/E=",
        "owner": "nix-community",
        "repo": "nix-vscode-extensions",
        "rev": "7e5664fa1e2051630b5e9e976cfd462f21a94abb",
        "type": "github"
      },
      "original": {
        "owner": "nix-community",
        "repo": "nix-vscode-extensions",
        "type": "github"
      }
    },
    "nixpkgs": {
      "locked": {
        "lastModified": 1768621446,
        "narHash": "sha256-6YwHV1cjv6arXdF/PQc365h1j+Qje3Pydk501Rm4Q+4=",
        "owner": "nixos",
        "repo": "nixpkgs",
        "rev": "72ac591e737060deab2b86d6952babd1f896d7c5",
        "type": "github"
      },
      "original": {
        "owner": "nixos",
        "ref": "nixos-25.11",
        "repo": "nixpkgs",
        "type": "github"
      }
    },
    "nixpkgs-darwin": {
      "locked": {
        "lastModified": 1767962478,
        "narHash": "sha256-7ywwapHmJ2/dtP0j1t9fV9KQc+byL9W9X9oG3aDS4qg=",
        "owner": "nixos",
        "repo": "nixpkgs",
        "rev": "35588f29848c57ea8ac86699278d2a410dab0adb",
        "type": "github"
      },
      "original": {
        "owner": "nixos",
        "ref": "nixpkgs-25.11-darwin",
        "repo": "nixpkgs",
        "type": "github"
      }
    },
    "nixpkgs-terraform": {
      "locked": {
        "lastModified": 1708570020,
        "narHash": "sha256-UT8NGKeOAhuanSvIb4hOcbe6PI+VX0gFIRUWkZeNXgI=",
        "owner": "nixos",
        "repo": "nixpkgs",
        "rev": "0472f3c9c5618c9675fc8dcc9e6ea484a5590d6d",
        "type": "github"
      },
      "original": {
        "owner": "nixos",
        "repo": "nixpkgs",
        "rev": "0472f3c9c5618c9675fc8dcc9e6ea484a5590d6d",
        "type": "github"
      }
    },
    "nixpkgs-terragrunt": {
      "locked": {
        "lastModified": 1687393238,
        "narHash": "sha256-nuvP5CRwEXfagpgBQjD8Ui+J6eFN4EM6NPng9wd1NLY=",
        "owner": "nixos",
        "repo": "nixpkgs",
        "rev": "0024e310e51151ee27d710e1f2fdf5e9c293da0b",
        "type": "github"
      },
      "original": {
        "owner": "nixos",
        "repo": "nixpkgs",
        "rev": "0024e310e51151ee27d710e1f2fdf5e9c293da0b",
        "type": "github"
      }
    },
    "nixpkgs-unstable": {
      "locked": {
        "lastModified": 1768564909,
        "narHash": "sha256-Kell/SpJYVkHWMvnhqJz/8DqQg2b6PguxVWOuadbHCc=",
        "owner": "nixos",
        "repo": "nixpkgs",
        "rev": "e4bae1bd10c9c57b2cf517953ab70060a828ee6f",
        "type": "github"
      },
      "original": {
        "owner": "nixos",
        "ref": "nixos-unstable",
        "repo": "nixpkgs",
        "type": "github"
      }
    },
    "nixpkgs-xone": {
      "locked": {
        "lastModified": 1767362050,
        "narHash": "sha256-3x89FiysDGxjmNOh/D0lZfceTfS8YN+6IZxjmcYv6ys=",
        "owner": "fxzzi",
        "repo": "nixpkgs",
        "rev": "f621e42319dbde5153c77fd7716c82853839b90b",
        "type": "github"
      },
      "original": {
        "owner": "fxzzi",
        "repo": "nixpkgs",
        "rev": "f621e42319dbde5153c77fd7716c82853839b90b",
        "type": "github"
      }
    },
    "nixpkgs_2": {
      "locked": {
        "lastModified": 1768564909,
        "narHash": "sha256-Kell/SpJYVkHWMvnhqJz/8DqQg2b6PguxVWOuadbHCc=",
        "owner": "nixos",
        "repo": "nixpkgs",
        "rev": "e4bae1bd10c9c57b2cf517953ab70060a828ee6f",
        "type": "github"
      },
      "original": {
        "owner": "nixos",
        "ref": "nixos-unstable",
        "repo": "nixpkgs",
        "type": "github"
      }
    },
    "nur": {
      "inputs": {
        "flake-parts": "flake-parts",
        "nixpkgs": "nixpkgs_2"
      },
      "locked": {
        "lastModified": 1768795802,
        "narHash": "sha256-4+yf9WfNk4IwUyERdetgMHXX6Cz4XAqcbpsMbIa3lJ8=",
        "owner": "nix-community",
        "repo": "nur",
        "rev": "12059988d2b72b09203774dea616a71ce4e1e841",
        "type": "github"
      },
      "original": {
        "owner": "nix-community",
        "repo": "nur",
        "type": "github"
      }
    },
    "personalMonorepo": {
      "flake": false,
      "locked": {
        "lastModified": 1768796478,
        "narHash": "sha256-41zDOO7iYftvdQF/dkD/67P0zOYIkqI56gKIsE1uOO0=",
        "owner": "aidanhilt",
        "repo": "PersonalMonorepo",
        "rev": "962317e202bc448a3f99c1407c3342258d77c4df",
        "type": "github"
      },
      "original": {
        "owner": "aidanhilt",
        "ref": "master",
        "repo": "PersonalMonorepo",
        "type": "github"
      }
    },
    "plasma-manager": {
      "inputs": {
        "home-manager": [
          "home-manager"
        ],
        "nixpkgs": [
          "nixpkgs"
        ]
      },
      "locked": {
        "lastModified": 1767662275,
        "narHash": "sha256-d5Q1GmQ+sW1Bt8cgDE0vOihzLaswsm8cSdg8124EqXE=",
        "owner": "nix-community",
        "repo": "plasma-manager",
        "rev": "51816be33a1ff0d4b22427de83222d5bfa96d30e",
        "type": "github"
      },
      "original": {
        "owner": "nix-community",
        "repo": "plasma-manager",
        "type": "github"
      }
    },
    "root": {
      "inputs": {
        "agenix": "agenix",
        "comin": "comin",
        "darwin": "darwin_2",
        "disko": "disko",
        "home-manager": "home-manager_2",
        "nix-vscode-extensions": "nix-vscode-extensions",
        "nixpkgs": "nixpkgs",
        "nixpkgs-darwin": "nixpkgs-darwin",
        "nixpkgs-terraform": "nixpkgs-terraform",
        "nixpkgs-terragrunt": "nixpkgs-terragrunt",
        "nixpkgs-unstable": "nixpkgs-unstable",
        "nixpkgs-xone": "nixpkgs-xone",
        "nur": "nur",
        "personalMonorepo": "personalMonorepo",
        "plasma-manager": "plasma-manager",
        "systems": "systems_2",
        "wsl": "wsl"
      }
    },
    "systems": {
      "locked": {
        "lastModified": 1681028828,
        "narHash": "sha256-Vy1rq5AaRuLzOxct8nz4T6wlgyUR7zLU309k9mBC768=",
        "owner": "nix-systems",
        "repo": "default",
        "rev": "da67096a3b9bf56a91d16901293e51ba5b49a27e",
        "type": "github"
      },
      "original": {
        "owner": "nix-systems",
        "repo": "default",
        "type": "github"
      }
    },
    "systems_2": {
      "locked": {
        "lastModified": 1681028828,
        "narHash": "sha256-Vy1rq5AaRuLzOxct8nz4T6wlgyUR7zLU309k9mBC768=",
        "owner": "nix-systems",
        "repo": "default",
        "rev": "da67096a3b9bf56a91d16901293e51ba5b49a27e",
        "type": "github"
      },
      "original": {
        "owner": "nix-systems",
        "repo": "default",
        "type": "github"
      }
    },
    "wsl": {
      "inputs": {
        "flake-compat": "flake-compat_2",
        "nixpkgs": [
          "nixpkgs"
        ]
      },
      "locked": {
        "lastModified": 1768404695,
        "narHash": "sha256-eT3dNE2CQYcPDHaeRZAEFrZ0BmMq2wLxMp7hCmzOZBA=",
        "owner": "nix-community",
        "repo": "NixOS-WSL",
        "rev": "d0d3636b9d174c4558e3bbb18e194d970505fed8",
        "type": "github"
      },
      "original": {
        "owner": "nix-community",
        "repo": "NixOS-WSL",
        "type": "github"
      }
    }
  },
  "root": "root",
  "version": 7
}
